
Microsoft Visual Studio Solution File, Format Version 12.00
# Visual Studio Version 16
VisualStudioVersion = 25.0.1703.1
MinimumVisualStudioVersion = 10.0.40219.1
Project("{FAE04EC0-301F-11D3-BF4B-00C04F79EFBC}") = "webapi_yotam", "webapi_yotam\webapi_yotam.csproj", "{B239B981-810D-47C6-B1C6-873FF81753D7}"
EndProject
Project("{E53339B2-1760-4266-BCC7-CA923CBCF16C}") = "docker-compose", "docker-compose.dcproj", "{4068CD05-D513-4D1A-B11D-E40BB8DC2DCE}"
EndProject
Project("{2150E333-8FDC-42A3-9474-1A3956D46DE8}") = "K8S", "K8S", "{C0C19510-AA61-4248-B795-412510E45927}"
	ProjectSection(SolutionItems) = preProject
		platforms-depl.yaml = platforms-depl.yaml
	EndProjectSection
EndProject
Project("{FAE04EC0-301F-11D3-BF4B-00C04F79EFBC}") = "CommandsService", "..\CommandsService\CommandsService.csproj", "{FA0FF84D-17C4-425B-A6DB-99F11DF1AB36}"
EndProject
Global
	GlobalSection(SolutionConfigurationPlatforms) = preSolution
		Debug|Any CPU = Debug|Any CPU
		Release|Any CPU = Release|Any CPU
	EndGlobalSection
	GlobalSection(ProjectConfigurationPlatforms) = postSolution
		{B239B981-810D-47C6-B1C6-873FF81753D7}.Debug|Any CPU.ActiveCfg = Debug|Any CPU
		{B239B981-810D-47C6-B1C6-873FF81753D7}.Debug|Any CPU.Build.0 = Debug|Any CPU
		{B239B981-810D-47C6-B1C6-873FF81753D7}.Release|Any CPU.ActiveCfg = Release|Any CPU
		{B239B981-810D-47C6-B1C6-873FF81753D7}.Release|Any CPU.Build.0 = Release|Any CPU
		{4068CD05-D513-4D1A-B11D-E40BB8DC2DCE}.Debug|Any CPU.ActiveCfg = Debug|Any CPU
		{4068CD05-D513-4D1A-B11D-E40BB8DC2DCE}.Debug|Any CPU.Build.0 = Debug|Any CPU
		{4068CD05-D513-4D1A-B11D-E40BB8DC2DCE}.Release|Any CPU.ActiveCfg = Release|Any CPU
		{4068CD05-D513-4D1A-B11D-E40BB8DC2DCE}.Release|Any CPU.Build.0 = Release|Any CPU
		{FA0FF84D-17C4-425B-A6DB-99F11DF1AB36}.Debug|Any CPU.ActiveCfg = Debug|Any CPU
		{FA0FF84D-17C4-425B-A6DB-99F11DF1AB36}.Debug|Any CPU.Build.0 = Debug|Any CPU
		{FA0FF84D-17C4-425B-A6DB-99F11DF1AB36}.Release|Any CPU.ActiveCfg = Release|Any CPU
		{FA0FF84D-17C4-425B-A6DB-99F11DF1AB36}.Release|Any CPU.Build.0 = Release|Any CPU
	EndGlobalSection
	GlobalSection(SolutionProperties) = preSolution
		HideSolutionNode = FALSE
	EndGlobalSection
	GlobalSection(ExtensibilityGlobals) = postSolution
		SolutionGuid = {A17730E6-5BEE-416C-941A-0A75B6353399}
	EndGlobalSection
EndGlobal
